
Microsoft Visual Studio Solution File, Format Version 12.00
# Visual Studio Version 17
VisualStudioVersion = 17.7.34031.279
MinimumVisualStudioVersion = 10.0.40219.1
Project("{FAE04EC0-301F-11D3-BF4B-00C04F79EFBC}") = "FirstTask", "FirstTask\FirstTask.csproj", "{52F4B391-9FB5-4E0D-8FC5-FBA433C1EED1}"
EndProject
Global
	GlobalSection(SolutionConfigurationPlatforms) = preSolution
		Debug|Any CPU = Debug|Any CPU
		Release|Any CPU = Release|Any CPU
	EndGlobalSection
	GlobalSection(ProjectConfigurationPlatforms) = postSolution
		{52F4B391-9FB5-4E0D-8FC5-FBA433C1EED1}.Debug|Any CPU.ActiveCfg = Debug|Any CPU
		{52F4B391-9FB5-4E0D-8FC5-FBA433C1EED1}.Debug|Any CPU.Build.0 = Debug|Any CPU
		{52F4B391-9FB5-4E0D-8FC5-FBA433C1EED1}.Release|Any CPU.ActiveCfg = Release|Any CPU
		{52F4B391-9FB5-4E0D-8FC5-FBA433C1EED1}.Release|Any CPU.Build.0 = Release|Any CPU
	EndGlobalSection
	GlobalSection(SolutionProperties) = preSolution
		HideSolutionNode = FALSE
	EndGlobalSection
	GlobalSection(ExtensibilityGlobals) = postSolution
		SolutionGuid = {74598EBD-4080-4B17-BEF3-8AAA9365725D}
	EndGlobalSection
EndGlobal
